
Microsoft Visual Studio Solution File, Format Version 12.00
# Visual Studio Version 17
VisualStudioVersion = 17.6.33815.320
MinimumVisualStudioVersion = 10.0.40219.1
Project("{8BC9CEB8-8B4A-11D0-8D11-00A0C91BC942}") = "4_Arrays_and _vectors", "4_Arrays_and _vectors\4_Arrays_and _vectors.vcxproj", "{13FD1BD5-7CE8-4604-9E7D-A6007A88446D}"
EndProject
Global
	GlobalSection(SolutionConfigurationPlatforms) = preSolution
		Debug|x64 = Debug|x64
		Debug|x86 = Debug|x86
		Release|x64 = Release|x64
		Release|x86 = Release|x86
	EndGlobalSection
	GlobalSection(ProjectConfigurationPlatforms) = postSolution
		{13FD1BD5-7CE8-4604-9E7D-A6007A88446D}.Debug|x64.ActiveCfg = Debug|x64
		{13FD1BD5-7CE8-4604-9E7D-A6007A88446D}.Debug|x64.Build.0 = Debug|x64
		{13FD1BD5-7CE8-4604-9E7D-A6007A88446D}.Debug|x86.ActiveCfg = Debug|Win32
		{13FD1BD5-7CE8-4604-9E7D-A6007A88446D}.Debug|x86.Build.0 = Debug|Win32
		{13FD1BD5-7CE8-4604-9E7D-A6007A88446D}.Release|x64.ActiveCfg = Release|x64
		{13FD1BD5-7CE8-4604-9E7D-A6007A88446D}.Release|x64.Build.0 = Release|x64
		{13FD1BD5-7CE8-4604-9E7D-A6007A88446D}.Release|x86.ActiveCfg = Release|Win32
		{13FD1BD5-7CE8-4604-9E7D-A6007A88446D}.Release|x86.Build.0 = Release|Win32
	EndGlobalSection
	GlobalSection(SolutionProperties) = preSolution
		HideSolutionNode = FALSE
	EndGlobalSection
	GlobalSection(ExtensibilityGlobals) = postSolution
		SolutionGuid = {19444FA3-6D7A-4A83-A1F8-0C2C97B0D3B2}
	EndGlobalSection
EndGlobal
